
Microsoft Visual Studio Solution File, Format Version 12.00
# Visual Studio 14
VisualStudioVersion = 14.0.25420.1
MinimumVisualStudioVersion = 10.0.40219.1
Project("{2150E333-8FDC-42A3-9474-1A3956D46DE8}") = "01.Client", "01.Client", "{F00DF61F-4229-464E-9F70-C627053E7829}"
EndProject
Project("{2150E333-8FDC-42A3-9474-1A3956D46DE8}") = "00.Engine", "00.Engine", "{8E388AAC-C7FC-47B1-B5CE-690059DA1AA8}"
EndProject
Project("{2150E333-8FDC-42A3-9474-1A3956D46DE8}") = "00.Base", "00.Base", "{6BE3CE14-D4C0-49C2-955D-4AF190C7D743}"
EndProject
Project("{2150E333-8FDC-42A3-9474-1A3956D46DE8}") = "01.EffectTool", "01.EffectTool", "{400FD336-AEC4-4C59-A12D-03E1FB98C67E}"
EndProject
Project("{8BC9CEB8-8B4A-11D0-8D11-00A0C91BC942}") = "Nalmak3D_Engine", "Engine\Base\Common\Nalmak3DEngine.vcxproj", "{F4FD6877-6BA3-4EC9-827C-E402E4199F76}"
EndProject
Project("{8BC9CEB8-8B4A-11D0-8D11-00A0C91BC942}") = "Nalmak3D_EffectTool", "Engine\EffectTool\Nalmak3D_EffectTool.vcxproj", "{E9E6EEDA-5D73-485B-85DA-DE95844953D7}"
	ProjectSection(ProjectDependencies) = postProject
		{F4FD6877-6BA3-4EC9-827C-E402E4199F76} = {F4FD6877-6BA3-4EC9-827C-E402E4199F76}
	EndProjectSection
EndProject
Project("{8BC9CEB8-8B4A-11D0-8D11-00A0C91BC942}") = "Nalmak_PersonalProject", "Client\Common\Nalmak_PersonalProject.vcxproj", "{1D5E0896-2C9E-42D2-A97E-AB11A0C3198C}"
	ProjectSection(ProjectDependencies) = postProject
		{F4FD6877-6BA3-4EC9-827C-E402E4199F76} = {F4FD6877-6BA3-4EC9-827C-E402E4199F76}
	EndProjectSection
EndProject
Project("{2150E333-8FDC-42A3-9474-1A3956D46DE8}") = "02.MapTool", "02.MapTool", "{36B4983F-9537-4CEB-AF58-0AAB2754E854}"
EndProject
Project("{8BC9CEB8-8B4A-11D0-8D11-00A0C91BC942}") = "Nalmak3D_MapTool", "Engine\MapTool\Nalmak3D_MapTool.vcxproj", "{9D39636D-6583-47FC-AAC0-80A6FF780709}"
	ProjectSection(ProjectDependencies) = postProject
		{F4FD6877-6BA3-4EC9-827C-E402E4199F76} = {F4FD6877-6BA3-4EC9-827C-E402E4199F76}
	EndProjectSection
EndProject
Project("{2150E333-8FDC-42A3-9474-1A3956D46DE8}") = "03.BoneAnimationTool", "03.BoneAnimationTool", "{3BAA3B8D-1A4D-4C6B-ABBF-4716B28CB729}"
EndProject
Project("{8BC9CEB8-8B4A-11D0-8D11-00A0C91BC942}") = "Nalmak3D_BoneAnimationTool", "Engine\BoneAnimationTool\Nalmak3D_BoneAnimationTool.vcxproj", "{642D58E0-39BC-4974-98B5-E613B2D436AA}"
	ProjectSection(ProjectDependencies) = postProject
		{F4FD6877-6BA3-4EC9-827C-E402E4199F76} = {F4FD6877-6BA3-4EC9-827C-E402E4199F76}
	EndProjectSection
EndProject
Global
	GlobalSection(SolutionConfigurationPlatforms) = preSolution
		Debug|x64 = Debug|x64
		Debug|x86 = Debug|x86
		Release|x64 = Release|x64
		Release|x86 = Release|x86
	EndGlobalSection
	GlobalSection(ProjectConfigurationPlatforms) = postSolution
		{F4FD6877-6BA3-4EC9-827C-E402E4199F76}.Debug|x64.ActiveCfg = Debug|x64
		{F4FD6877-6BA3-4EC9-827C-E402E4199F76}.Debug|x64.Build.0 = Debug|x64
		{F4FD6877-6BA3-4EC9-827C-E402E4199F76}.Debug|x86.ActiveCfg = Debug|Win32
		{F4FD6877-6BA3-4EC9-827C-E402E4199F76}.Debug|x86.Build.0 = Debug|Win32
		{F4FD6877-6BA3-4EC9-827C-E402E4199F76}.Release|x64.ActiveCfg = Release|x64
		{F4FD6877-6BA3-4EC9-827C-E402E4199F76}.Release|x64.Build.0 = Release|x64
		{F4FD6877-6BA3-4EC9-827C-E402E4199F76}.Release|x86.ActiveCfg = Release|Win32
		{F4FD6877-6BA3-4EC9-827C-E402E4199F76}.Release|x86.Build.0 = Release|Win32
		{E9E6EEDA-5D73-485B-85DA-DE95844953D7}.Debug|x64.ActiveCfg = Debug|x64
		{E9E6EEDA-5D73-485B-85DA-DE95844953D7}.Debug|x64.Build.0 = Debug|x64
		{E9E6EEDA-5D73-485B-85DA-DE95844953D7}.Debug|x86.ActiveCfg = Debug|Win32
		{E9E6EEDA-5D73-485B-85DA-DE95844953D7}.Debug|x86.Build.0 = Debug|Win32
		{E9E6EEDA-5D73-485B-85DA-DE95844953D7}.Release|x64.ActiveCfg = Release|x64
		{E9E6EEDA-5D73-485B-85DA-DE95844953D7}.Release|x64.Build.0 = Release|x64
		{E9E6EEDA-5D73-485B-85DA-DE95844953D7}.Release|x86.ActiveCfg = Release|Win32
		{E9E6EEDA-5D73-485B-85DA-DE95844953D7}.Release|x86.Build.0 = Release|Win32
		{1D5E0896-2C9E-42D2-A97E-AB11A0C3198C}.Debug|x64.ActiveCfg = Debug|x64
		{1D5E0896-2C9E-42D2-A97E-AB11A0C3198C}.Debug|x64.Build.0 = Debug|x64
		{1D5E0896-2C9E-42D2-A97E-AB11A0C3198C}.Debug|x86.ActiveCfg = Debug|Win32
		{1D5E0896-2C9E-42D2-A97E-AB11A0C3198C}.Debug|x86.Build.0 = Debug|Win32
		{1D5E0896-2C9E-42D2-A97E-AB11A0C3198C}.Release|x64.ActiveCfg = Release|x64
		{1D5E0896-2C9E-42D2-A97E-AB11A0C3198C}.Release|x64.Build.0 = Release|x64
		{1D5E0896-2C9E-42D2-A97E-AB11A0C3198C}.Release|x86.ActiveCfg = Release|Win32
		{1D5E0896-2C9E-42D2-A97E-AB11A0C3198C}.Release|x86.Build.0 = Release|Win32
		{9D39636D-6583-47FC-AAC0-80A6FF780709}.Debug|x64.ActiveCfg = Debug|x64
		{9D39636D-6583-47FC-AAC0-80A6FF780709}.Debug|x64.Build.0 = Debug|x64
		{9D39636D-6583-47FC-AAC0-80A6FF780709}.Debug|x86.ActiveCfg = Debug|Win32
		{9D39636D-6583-47FC-AAC0-80A6FF780709}.Debug|x86.Build.0 = Debug|Win32
		{9D39636D-6583-47FC-AAC0-80A6FF780709}.Release|x64.ActiveCfg = Release|x64
		{9D39636D-6583-47FC-AAC0-80A6FF780709}.Release|x64.Build.0 = Release|x64
		{9D39636D-6583-47FC-AAC0-80A6FF780709}.Release|x86.ActiveCfg = Release|Win32
		{9D39636D-6583-47FC-AAC0-80A6FF780709}.Release|x86.Build.0 = Release|Win32
		{642D58E0-39BC-4974-98B5-E613B2D436AA}.Debug|x64.ActiveCfg = Debug|x64
		{642D58E0-39BC-4974-98B5-E613B2D436AA}.Debug|x64.Build.0 = Debug|x64
		{642D58E0-39BC-4974-98B5-E613B2D436AA}.Debug|x86.ActiveCfg = Debug|Win32
		{642D58E0-39BC-4974-98B5-E613B2D436AA}.Debug|x86.Build.0 = Debug|Win32
		{642D58E0-39BC-4974-98B5-E613B2D436AA}.Release|x64.ActiveCfg = Release|x64
		{642D58E0-39BC-4974-98B5-E613B2D436AA}.Release|x64.Build.0 = Release|x64
		{642D58E0-39BC-4974-98B5-E613B2D436AA}.Release|x86.ActiveCfg = Release|Win32
		{642D58E0-39BC-4974-98B5-E613B2D436AA}.Release|x86.Build.0 = Release|Win32
	EndGlobalSection
	GlobalSection(SolutionProperties) = preSolution
		HideSolutionNode = FALSE
	EndGlobalSection
	GlobalSection(NestedProjects) = preSolution
		{6BE3CE14-D4C0-49C2-955D-4AF190C7D743} = {8E388AAC-C7FC-47B1-B5CE-690059DA1AA8}
		{400FD336-AEC4-4C59-A12D-03E1FB98C67E} = {8E388AAC-C7FC-47B1-B5CE-690059DA1AA8}
		{F4FD6877-6BA3-4EC9-827C-E402E4199F76} = {6BE3CE14-D4C0-49C2-955D-4AF190C7D743}
		{E9E6EEDA-5D73-485B-85DA-DE95844953D7} = {400FD336-AEC4-4C59-A12D-03E1FB98C67E}
		{1D5E0896-2C9E-42D2-A97E-AB11A0C3198C} = {F00DF61F-4229-464E-9F70-C627053E7829}
		{36B4983F-9537-4CEB-AF58-0AAB2754E854} = {8E388AAC-C7FC-47B1-B5CE-690059DA1AA8}
		{9D39636D-6583-47FC-AAC0-80A6FF780709} = {36B4983F-9537-4CEB-AF58-0AAB2754E854}
		{3BAA3B8D-1A4D-4C6B-ABBF-4716B28CB729} = {8E388AAC-C7FC-47B1-B5CE-690059DA1AA8}
		{642D58E0-39BC-4974-98B5-E613B2D436AA} = {3BAA3B8D-1A4D-4C6B-ABBF-4716B28CB729}
	EndGlobalSection
EndGlobal
