<?xml version="1.0" encoding="utf-8"?>
<Project ToolsVersion="4.0" xmlns="http://schemas.microsoft.com/developer/msbuild/2003">
  <ItemGroup>
    <Filter Include="00.Main">
      <UniqueIdentifier>{856330b3-1533-498c-af32-cf9d1403b9b9}</UniqueIdentifier>
    </Filter>
    <Filter Include="01.Scene">
      <UniqueIdentifier>{215898ff-6c65-490b-b3db-655b1d4748b7}</UniqueIdentifier>
    </Filter>
    <Filter Include="99.Default">
      <UniqueIdentifier>{cc8a62d9-7051-4ce1-a6ef-d22bddd26d89}</UniqueIdentifier>
    </Filter>
    <Filter Include="98.PreCompile">
      <UniqueIdentifier>{402ca7c8-2440-42a9-837c-fe492cbae076}</UniqueIdentifier>
    </Filter>
    <Filter Include="98.PreCompile\00.Define">
      <UniqueIdentifier>{a6a71c06-9146-40ea-b8fa-00bb580be3bf}</UniqueIdentifier>
    </Filter>
    <Filter Include="98.PreCompile\01.Enum">
      <UniqueIdentifier>{c0ba647f-25c2-4e81-bc7e-425b0bd43050}</UniqueIdentifier>
    </Filter>
    <Filter Include="98.PreCompile\02.Extern">
      <UniqueIdentifier>{1928bd35-6e1f-475c-b18e-f6e2d5117aa2}</UniqueIdentifier>
    </Filter>
    <Filter Include="98.PreCompile\03.Struct">
      <UniqueIdentifier>{16fad8e5-8c1e-4cf7-a062-60d3d40e9002}</UniqueIdentifier>
    </Filter>
    <Filter Include="02.Component">
      <UniqueIdentifier>{370ae4a9-b82c-4c27-9af5-b88580274759}</UniqueIdentifier>
    </Filter>
    <Filter Include="97.HomeWork">
      <UniqueIdentifier>{07d1344e-0293-470d-94e0-54ddf2eb7da8}</UniqueIdentifier>
    </Filter>
    <Filter Include="03.Shader">
      <UniqueIdentifier>{4c9be8bc-184b-41dd-980a-2516cdd0fcf9}</UniqueIdentifier>
    </Filter>
    <Filter Include="02.Component\Camera">
      <UniqueIdentifier>{2e1ec202-de7d-4ba8-b3f5-0669bb01984e}</UniqueIdentifier>
    </Filter>
    <Filter Include="04.Lyn">
      <UniqueIdentifier>{e83a7808-1be1-4d56-aaea-a945024fc96b}</UniqueIdentifier>
    </Filter>
    <Filter Include="02.Component\Enemy">
      <UniqueIdentifier>{5aac4215-b354-47e1-942f-8f7a0e340573}</UniqueIdentifier>
    </Filter>
    <Filter Include="02.Component\Battle">
      <UniqueIdentifier>{c14e438a-8e0c-46d7-8858-cb6df48012bd}</UniqueIdentifier>
    </Filter>
    <Filter Include="04.Lyn\BackStep">
      <UniqueIdentifier>{bb6d85bc-9292-4be8-8bf9-0bf2d322a1b3}</UniqueIdentifier>
    </Filter>
    <Filter Include="04.Lyn\SpinSlash">
      <UniqueIdentifier>{8eb0686d-11e3-481d-aa18-34e8c776c080}</UniqueIdentifier>
    </Filter>
    <Filter Include="04.Lyn\VerticalCut">
      <UniqueIdentifier>{2e336b08-1f92-4b12-b050-ead36cd8585d}</UniqueIdentifier>
    </Filter>
    <Filter Include="05.Skill">
      <UniqueIdentifier>{571e5f07-8286-43f7-a497-41e259c04a3d}</UniqueIdentifier>
    </Filter>
  </ItemGroup>
  <ItemGroup>
    <ClInclude Include="stdafx.h">
      <Filter>98.PreCompile</Filter>
    </ClInclude>
    <ClInclude Include="Nalmak_PersonalProject.h">
      <Filter>99.Default</Filter>
    </ClInclude>
    <ClInclude Include="Resource.h">
      <Filter>99.Default</Filter>
    </ClInclude>
    <ClInclude Include="targetver.h">
      <Filter>99.Default</Filter>
    </ClInclude>
    <ClInclude Include="MainGame.h">
      <Filter>00.Main</Filter>
    </ClInclude>
    <ClInclude Include="Extern.h">
      <Filter>98.PreCompile\02.Extern</Filter>
    </ClInclude>
    <ClInclude Include="Struct.h">
      <Filter>98.PreCompile\03.Struct</Filter>
    </ClInclude>
    <ClInclude Include="Enum.h">
      <Filter>98.PreCompile\01.Enum</Filter>
    </ClInclude>
    <ClInclude Include="Define.h">
      <Filter>98.PreCompile\00.Define</Filter>
    </ClInclude>
    <ClInclude Include="TitleScene.h">
      <Filter>01.Scene</Filter>
    </ClInclude>
    <ClInclude Include="homework_enemy.h">
      <Filter>97.HomeWork</Filter>
    </ClInclude>
    <ClInclude Include="Homework_Player.h">
      <Filter>97.HomeWork</Filter>
    </ClInclude>
    <ClInclude Include="homeworkScene.h">
      <Filter>97.HomeWork</Filter>
    </ClInclude>
    <ClInclude Include="PublicData.h">
      <Filter>98.PreCompile</Filter>
    </ClInclude>
    <ClInclude Include="LynInfo.h">
      <Filter>04.Lyn</Filter>
    </ClInclude>
    <ClInclude Include="LynState.h">
      <Filter>04.Lyn</Filter>
    </ClInclude>
    <ClInclude Include="LynStateControl.h">
      <Filter>04.Lyn</Filter>
    </ClInclude>
    <ClInclude Include="BnS_MainCamera.h">
      <Filter>02.Component\Camera</Filter>
    </ClInclude>
    <ClInclude Include="LynVerticalCut_L0.h">
      <Filter>04.Lyn\VerticalCut</Filter>
    </ClInclude>
    <ClInclude Include="LynVerticalCut_L1.h">
      <Filter>04.Lyn\VerticalCut</Filter>
    </ClInclude>
    <ClInclude Include="LynVerticalCut_L2.h">
      <Filter>04.Lyn\VerticalCut</Filter>
    </ClInclude>
    <ClInclude Include="LynVerticalCut_R0.h">
      <Filter>04.Lyn\VerticalCut</Filter>
    </ClInclude>
    <ClInclude Include="LynVerticalCut_R1.h">
      <Filter>04.Lyn\VerticalCut</Filter>
    </ClInclude>
    <ClInclude Include="LynVerticalCut_R2.h">
      <Filter>04.Lyn\VerticalCut</Filter>
    </ClInclude>
    <ClInclude Include="UIManager.h" />
    <ClInclude Include="TitleToStage.h" />
    <ClInclude Include="LynSpinSlash_Combo.h">
      <Filter>04.Lyn\SpinSlash</Filter>
    </ClInclude>
    <ClInclude Include="LynSpinSlash_End.h">
      <Filter>04.Lyn\SpinSlash</Filter>
    </ClInclude>
    <ClInclude Include="LynSpinSlash_Start.h">
      <Filter>04.Lyn\SpinSlash</Filter>
    </ClInclude>
    <ClInclude Include="LynBackStep.h">
      <Filter>04.Lyn\BackStep</Filter>
    </ClInclude>
    <ClInclude Include="StageScene.h">
      <Filter>01.Scene</Filter>
    </ClInclude>
    <ClInclude Include="BnS_Enemy.h">
      <Filter>02.Component\Enemy</Filter>
    </ClInclude>
    <ClInclude Include="AttackInfo.h">
      <Filter>02.Component\Battle</Filter>
    </ClInclude>
    <ClInclude Include="BnS_DamageFont.h">
      <Filter>02.Component\Battle</Filter>
    </ClInclude>
    <ClInclude Include="LynSkillTest.h" />
    <ClInclude Include="LynThunderSlash.h" />
    <ClInclude Include="Lyn_Attack_Basic1.h">
      <Filter>04.Lyn</Filter>
    </ClInclude>
    <ClInclude Include="LynBattleToPeace.h">
      <Filter>04.Lyn</Filter>
    </ClInclude>
    <ClInclude Include="LynWait.h">
      <Filter>04.Lyn</Filter>
    </ClInclude>
    <ClInclude Include="LynFall.h">
      <Filter>04.Lyn</Filter>
    </ClInclude>
    <ClInclude Include="LynIdle.h">
      <Filter>04.Lyn</Filter>
    </ClInclude>
    <ClInclude Include="LynJump.h">
      <Filter>04.Lyn</Filter>
    </ClInclude>
    <ClInclude Include="LynLand.h">
      <Filter>04.Lyn</Filter>
    </ClInclude>
    <ClInclude Include="LynMove.h">
      <Filter>04.Lyn</Filter>
    </ClInclude>
    <ClInclude Include="LynLightningSlash.h" />
    <ClInclude Include="LynSlash1.h" />
    <ClInclude Include="LynSlash2.h" />
    <ClInclude Include="LynSlash3.h" />
    <ClInclude Include="LynBaldo.h" />
    <ClInclude Include="LynSideDashQ.h" />
    <ClInclude Include="LynSideDashE.h" />
    <ClInclude Include="BnS_Skill.h">
      <Filter>05.Skill</Filter>
    </ClInclude>
    <ClInclude Include="LynSkillController.h" />
    <ClInclude Include="CameraShake.h" />
  </ItemGroup>
  <ItemGroup>
    <ClCompile Include="stdafx.cpp">
      <Filter>98.PreCompile</Filter>
    </ClCompile>
    <ClCompile Include="Nalmak_PersonalProject.cpp">
      <Filter>99.Default</Filter>
    </ClCompile>
    <ClCompile Include="MainGame.cpp">
      <Filter>00.Main</Filter>
    </ClCompile>
    <ClCompile Include="TitleScene.cpp">
      <Filter>01.Scene</Filter>
    </ClCompile>
    <ClCompile Include="homework_enemy.cpp">
      <Filter>97.HomeWork</Filter>
    </ClCompile>
    <ClCompile Include="Homework_Player.cpp">
      <Filter>97.HomeWork</Filter>
    </ClCompile>
    <ClCompile Include="homeworkScene.cpp">
      <Filter>97.HomeWork</Filter>
    </ClCompile>
    <ClCompile Include="LynInfo.cpp">
      <Filter>04.Lyn</Filter>
    </ClCompile>
    <ClCompile Include="LynState.cpp">
      <Filter>04.Lyn</Filter>
    </ClCompile>
    <ClCompile Include="LynStateControl.cpp">
      <Filter>04.Lyn</Filter>
    </ClCompile>
    <ClCompile Include="BnS_MainCamera.cpp">
      <Filter>02.Component\Camera</Filter>
    </ClCompile>
    <ClCompile Include="LynVerticalCut_L0.cpp">
      <Filter>04.Lyn\VerticalCut</Filter>
    </ClCompile>
    <ClCompile Include="LynVerticalCut_L1.cpp">
      <Filter>04.Lyn\VerticalCut</Filter>
    </ClCompile>
    <ClCompile Include="LynVerticalCut_L2.cpp">
      <Filter>04.Lyn\VerticalCut</Filter>
    </ClCompile>
    <ClCompile Include="LynVerticalCut_R0.cpp">
      <Filter>04.Lyn\VerticalCut</Filter>
    </ClCompile>
    <ClCompile Include="LynVerticalCut_R1.cpp">
      <Filter>04.Lyn\VerticalCut</Filter>
    </ClCompile>
    <ClCompile Include="LynVerticalCut_R2.cpp">
      <Filter>04.Lyn\VerticalCut</Filter>
    </ClCompile>
    <ClCompile Include="UIManager.cpp" />
    <ClCompile Include="TitleToStage.cpp" />
    <ClCompile Include="LynSpinSlash_Combo.cpp">
      <Filter>04.Lyn\SpinSlash</Filter>
    </ClCompile>
    <ClCompile Include="LynSpinSlash_End.cpp">
      <Filter>04.Lyn\SpinSlash</Filter>
    </ClCompile>
    <ClCompile Include="LynSpinSlash_Start.cpp">
      <Filter>04.Lyn\SpinSlash</Filter>
    </ClCompile>
    <ClCompile Include="LynBackStep.cpp">
      <Filter>04.Lyn\BackStep</Filter>
    </ClCompile>
    <ClCompile Include="StageScene.cpp">
      <Filter>01.Scene</Filter>
    </ClCompile>
    <ClCompile Include="BnS_Enemy.cpp">
      <Filter>02.Component\Enemy</Filter>
    </ClCompile>
    <ClCompile Include="AttackInfo.cpp">
      <Filter>02.Component\Battle</Filter>
    </ClCompile>
    <ClCompile Include="BnS_DamageFont.cpp">
      <Filter>02.Component\Battle</Filter>
    </ClCompile>
    <ClCompile Include="LynSkillTest.cpp" />
    <ClCompile Include="LynThunderSlash.cpp" />
    <ClCompile Include="Lyn_Attack_Basic1.cpp">
      <Filter>04.Lyn</Filter>
    </ClCompile>
    <ClCompile Include="LynBattleToPeace.cpp">
      <Filter>04.Lyn</Filter>
    </ClCompile>
    <ClCompile Include="LynWait.cpp">
      <Filter>04.Lyn</Filter>
    </ClCompile>
    <ClCompile Include="LynFall.cpp">
      <Filter>04.Lyn</Filter>
    </ClCompile>
    <ClCompile Include="LynIdle.cpp">
      <Filter>04.Lyn</Filter>
    </ClCompile>
    <ClCompile Include="LynJump.cpp">
      <Filter>04.Lyn</Filter>
    </ClCompile>
    <ClCompile Include="LynLand.cpp">
      <Filter>04.Lyn</Filter>
    </ClCompile>
    <ClCompile Include="LynMove.cpp">
      <Filter>04.Lyn</Filter>
    </ClCompile>
    <ClCompile Include="LynLightningSlash.cpp" />
    <ClCompile Include="LynSlash1.cpp" />
    <ClCompile Include="LynSlash2.cpp" />
    <ClCompile Include="LynSlash3.cpp" />
    <ClCompile Include="LynBaldo.cpp" />
    <ClCompile Include="LynSideDashQ.cpp" />
    <ClCompile Include="LynSideDashE.cpp" />
    <ClCompile Include="BnS_Skill.cpp">
      <Filter>05.Skill</Filter>
    </ClCompile>
    <ClCompile Include="LynSkillController.cpp" />
    <ClCompile Include="CameraShake.cpp" />
  </ItemGroup>
  <ItemGroup>
    <Image Include="Nalmak_PersonalProject.ico">
      <Filter>99.Default</Filter>
    </Image>
    <Image Include="small.ico">
      <Filter>99.Default</Filter>
    </Image>
  </ItemGroup>
  <ItemGroup>
    <Text Include="ReadMe.txt">
      <Filter>99.Default</Filter>
    </Text>
  </ItemGroup>
  <ItemGroup>
    <ResourceCompile Include="Nalmak_PersonalProject.rc">
      <Filter>99.Default</Filter>
    </ResourceCompile>
  </ItemGroup>
  <ItemGroup>
    <None Include="..\Resource\static\Shader\BnS_Character_HWSkinning.sd">
      <Filter>03.Shader</Filter>
    </None>
    <None Include="..\Resource\static\Shader\BnS_Hair_HWSkinning.sd">
      <Filter>03.Shader</Filter>
    </None>
    <None Include="..\Resource\static\Shader\BnS_Head_HWSkinning.sd">
      <Filter>03.Shader</Filter>
    </None>
    <None Include="..\Resource\static\Shader\BnS_StaticObject_DN.sd">
      <Filter>03.Shader</Filter>
    </None>
    <None Include="..\Resource\static\Shader\BnS_StaticObject_DNS.sd">
      <Filter>03.Shader</Filter>
    </None>
    <None Include="..\Resource\static\Shader\BnS_StaticObject_DNSM.sd">
      <Filter>03.Shader</Filter>
    </None>
    <None Include="..\Resource\static\Shader\homework.sd">
      <Filter>03.Shader</Filter>
    </None>
    <None Include="..\Resource\static\Shader\BnS_HpUI.sd">
      <Filter>03.Shader</Filter>
    </None>
    <None Include="..\Resource\static\Shader\BnS_SkillI_UI.sd">
      <Filter>03.Shader</Filter>
    </None>
  </ItemGroup>
  <ItemGroup>
    <FxCompile Include="..\Resource\static\Shader\BnS_Character_HWSkinning.fx">
      <Filter>03.Shader</Filter>
    </FxCompile>
    <FxCompile Include="..\Resource\static\Shader\BnS_Hair_HWSkinning.fx">
      <Filter>03.Shader</Filter>
    </FxCompile>
    <FxCompile Include="..\Resource\static\Shader\BnS_Head_HWSkinning.fx">
      <Filter>03.Shader</Filter>
    </FxCompile>
    <FxCompile Include="..\Resource\static\Shader\BnS_StaticObject_DN.fx">
      <Filter>03.Shader</Filter>
    </FxCompile>
    <FxCompile Include="..\Resource\static\Shader\BnS_StaticObject_DNS.fx">
      <Filter>03.Shader</Filter>
    </FxCompile>
    <FxCompile Include="..\Resource\static\Shader\BnS_StaticObject_DNSM.fx">
      <Filter>03.Shader</Filter>
    </FxCompile>
    <FxCompile Include="..\Resource\static\Shader\homework.fx">
      <Filter>03.Shader</Filter>
    </FxCompile>
    <FxCompile Include="..\Resource\static\Shader\BnS_HpUI.fx">
      <Filter>03.Shader</Filter>
    </FxCompile>
    <FxCompile Include="..\Resource\static\Shader\BnS_SkillI_UI.fx">
      <Filter>03.Shader</Filter>
    </FxCompile>
  </ItemGroup>
</Project>