<?xml version="1.0" encoding="utf-8"?>
<Project ToolsVersion="4.0" xmlns="http://schemas.microsoft.com/developer/msbuild/2003">
  <ItemGroup>
    <Filter Include="00.Main">
      <UniqueIdentifier>{856330b3-1533-498c-af32-cf9d1403b9b9}</UniqueIdentifier>
    </Filter>
    <Filter Include="01.Scene">
      <UniqueIdentifier>{215898ff-6c65-490b-b3db-655b1d4748b7}</UniqueIdentifier>
    </Filter>
    <Filter Include="99.Default">
      <UniqueIdentifier>{cc8a62d9-7051-4ce1-a6ef-d22bddd26d89}</UniqueIdentifier>
    </Filter>
    <Filter Include="98.PreCompile">
      <UniqueIdentifier>{402ca7c8-2440-42a9-837c-fe492cbae076}</UniqueIdentifier>
    </Filter>
    <Filter Include="98.PreCompile\00.Define">
      <UniqueIdentifier>{a6a71c06-9146-40ea-b8fa-00bb580be3bf}</UniqueIdentifier>
    </Filter>
    <Filter Include="98.PreCompile\01.Enum">
      <UniqueIdentifier>{c0ba647f-25c2-4e81-bc7e-425b0bd43050}</UniqueIdentifier>
    </Filter>
    <Filter Include="98.PreCompile\02.Extern">
      <UniqueIdentifier>{1928bd35-6e1f-475c-b18e-f6e2d5117aa2}</UniqueIdentifier>
    </Filter>
    <Filter Include="98.PreCompile\03.Struct">
      <UniqueIdentifier>{16fad8e5-8c1e-4cf7-a062-60d3d40e9002}</UniqueIdentifier>
    </Filter>
    <Filter Include="02.Component">
      <UniqueIdentifier>{370ae4a9-b82c-4c27-9af5-b88580274759}</UniqueIdentifier>
    </Filter>
    <Filter Include="97.HomeWork">
      <UniqueIdentifier>{07d1344e-0293-470d-94e0-54ddf2eb7da8}</UniqueIdentifier>
    </Filter>
    <Filter Include="03.Shader">
      <UniqueIdentifier>{4c9be8bc-184b-41dd-980a-2516cdd0fcf9}</UniqueIdentifier>
    </Filter>
    <Filter Include="02.Component\Camera">
      <UniqueIdentifier>{2e1ec202-de7d-4ba8-b3f5-0669bb01984e}</UniqueIdentifier>
    </Filter>
    <Filter Include="04.Lyn">
      <UniqueIdentifier>{e83a7808-1be1-4d56-aaea-a945024fc96b}</UniqueIdentifier>
    </Filter>
    <Filter Include="02.Component\Enemy">
      <UniqueIdentifier>{5aac4215-b354-47e1-942f-8f7a0e340573}</UniqueIdentifier>
    </Filter>
    <Filter Include="02.Component\Battle">
      <UniqueIdentifier>{c14e438a-8e0c-46d7-8858-cb6df48012bd}</UniqueIdentifier>
    </Filter>
    <Filter Include="04.Lyn\BackStep">
      <UniqueIdentifier>{bb6d85bc-9292-4be8-8bf9-0bf2d322a1b3}</UniqueIdentifier>
    </Filter>
    <Filter Include="04.Lyn\SpinSlash">
      <UniqueIdentifier>{8eb0686d-11e3-481d-aa18-34e8c776c080}</UniqueIdentifier>
    </Filter>
    <Filter Include="04.Lyn\VerticalCut">
      <UniqueIdentifier>{2e336b08-1f92-4b12-b050-ead36cd8585d}</UniqueIdentifier>
    </Filter>
    <Filter Include="05.Skill">
      <UniqueIdentifier>{571e5f07-8286-43f7-a497-41e259c04a3d}</UniqueIdentifier>
    </Filter>
    <Filter Include="06.UI">
      <UniqueIdentifier>{53d8274b-381e-469d-9142-5921a0a1f3db}</UniqueIdentifier>
    </Filter>
    <Filter Include="04.Lyn\Slash">
      <UniqueIdentifier>{d21c6699-5a1d-4339-9cf0-b3273a423c08}</UniqueIdentifier>
    </Filter>
    <Filter Include="04.Lyn\SideDash">
      <UniqueIdentifier>{4bf6948b-fa2b-4155-8cb4-0a79494c7a76}</UniqueIdentifier>
    </Filter>
    <Filter Include="04.Lyn\FrontDash">
      <UniqueIdentifier>{e6e743b2-662c-4cc0-b2a3-601f04c016cf}</UniqueIdentifier>
    </Filter>
    <Filter Include="04.Lyn\FrontKick">
      <UniqueIdentifier>{7f484489-ef8a-49d8-8b5c-6c343d71e3e2}</UniqueIdentifier>
    </Filter>
    <Filter Include="04.Lyn\LowerSlash">
      <UniqueIdentifier>{f534adbd-061c-4e9e-9979-579e885de774}</UniqueIdentifier>
    </Filter>
    <Filter Include="04.Lyn\LightningSlash">
      <UniqueIdentifier>{8b2002a1-1ac1-4675-95e2-cfff67286112}</UniqueIdentifier>
    </Filter>
    <Filter Include="04.Lyn\ThunderSlash">
      <UniqueIdentifier>{be40f940-82bf-4cf5-92b1-6658ba06a4d1}</UniqueIdentifier>
    </Filter>
    <Filter Include="04.Lyn\Jump">
      <UniqueIdentifier>{6d1e6fc1-ad73-47da-8cc3-54f9c7d820f8}</UniqueIdentifier>
    </Filter>
    <Filter Include="04.Lyn\Move">
      <UniqueIdentifier>{82a2ac5f-6820-4b73-9fc4-d7cabc05b969}</UniqueIdentifier>
    </Filter>
    <Filter Include="07.Enemy">
      <UniqueIdentifier>{5c0cf3c7-5930-4ec5-9069-27e268854990}</UniqueIdentifier>
    </Filter>
    <Filter Include="04.Lyn\Baldo">
      <UniqueIdentifier>{29d6ca26-05b6-4b90-9aa0-f5d9765276b1}</UniqueIdentifier>
    </Filter>
    <Filter Include="04.Lyn\BackRoll">
      <UniqueIdentifier>{41f7b43a-49c1-40a6-b6ed-1e107d44b9fa}</UniqueIdentifier>
    </Filter>
    <Filter Include="04.Lyn\ChamWall">
      <UniqueIdentifier>{35030c35-ece6-4020-94c1-1ce0bf3643c5}</UniqueIdentifier>
    </Filter>
    <Filter Include="04.Lyn\Dead">
      <UniqueIdentifier>{55e4c09a-32ca-49a9-b9b3-1f870072b4d8}</UniqueIdentifier>
    </Filter>
    <Filter Include="04.Lyn\Excape">
      <UniqueIdentifier>{ae57ee86-7cf2-43d1-a6fe-ab50e77f9eec}</UniqueIdentifier>
    </Filter>
    <Filter Include="04.Lyn\Grogy">
      <UniqueIdentifier>{c8ec54e7-9f5c-4e8a-bf6e-ab5b87dd3bf0}</UniqueIdentifier>
    </Filter>
    <Filter Include="04.Lyn\Hold">
      <UniqueIdentifier>{b6a73a73-2ffb-4c95-bd4a-f0620d21c5f7}</UniqueIdentifier>
    </Filter>
    <Filter Include="04.Lyn\Holded">
      <UniqueIdentifier>{625b5d7d-3c24-4d74-affe-3c53a712a49d}</UniqueIdentifier>
    </Filter>
    <Filter Include="04.Lyn\Down">
      <UniqueIdentifier>{539150fb-bd4c-485e-bdf1-280b3a4908ee}</UniqueIdentifier>
    </Filter>
    <Filter Include="04.Lyn\IlSum">
      <UniqueIdentifier>{fdcc3c1c-403f-4c5a-a50c-4237a42273a1}</UniqueIdentifier>
    </Filter>
    <Filter Include="04.Lyn\KnockBack">
      <UniqueIdentifier>{52418273-b9fc-4805-876c-e7750df9b48a}</UniqueIdentifier>
    </Filter>
    <Filter Include="04.Lyn\LayDown">
      <UniqueIdentifier>{b54d7e03-4800-43ac-b571-65dd22499176}</UniqueIdentifier>
    </Filter>
    <Filter Include="04.Lyn\LightningCombo">
      <UniqueIdentifier>{c68e41ba-0591-44fc-9523-b02ba15988f8}</UniqueIdentifier>
    </Filter>
    <Filter Include="04.Lyn\Rebound">
      <UniqueIdentifier>{602b2c17-1766-45fd-8dab-ae46b3bb50cd}</UniqueIdentifier>
    </Filter>
    <Filter Include="04.Lyn\RotateSoulBlade">
      <UniqueIdentifier>{a0fbbfe9-d5ac-407b-bba0-3afa74cc4c7e}</UniqueIdentifier>
    </Filter>
    <Filter Include="04.Lyn\ThrowSoulBlade">
      <UniqueIdentifier>{41e09bda-fe89-4364-9ed5-5af4dbd2f341}</UniqueIdentifier>
    </Filter>
    <Filter Include="04.Lyn\WindyMoonSlash">
      <UniqueIdentifier>{be76c903-3346-4c34-a48a-9c9b1ace6d62}</UniqueIdentifier>
    </Filter>
    <Filter Include="04.Lyn\UpperSlash">
      <UniqueIdentifier>{325cdeaa-27ac-4c1c-811b-bd97f99a2261}</UniqueIdentifier>
    </Filter>
    <Filter Include="08.Weapon">
      <UniqueIdentifier>{daca3fb1-e536-4c50-8930-abaa55b32e05}</UniqueIdentifier>
    </Filter>
  </ItemGroup>
  <ItemGroup>
    <ClInclude Include="stdafx.h">
      <Filter>98.PreCompile</Filter>
    </ClInclude>
    <ClInclude Include="Nalmak_PersonalProject.h">
      <Filter>99.Default</Filter>
    </ClInclude>
    <ClInclude Include="Resource.h">
      <Filter>99.Default</Filter>
    </ClInclude>
    <ClInclude Include="targetver.h">
      <Filter>99.Default</Filter>
    </ClInclude>
    <ClInclude Include="MainGame.h">
      <Filter>00.Main</Filter>
    </ClInclude>
    <ClInclude Include="Extern.h">
      <Filter>98.PreCompile\02.Extern</Filter>
    </ClInclude>
    <ClInclude Include="Struct.h">
      <Filter>98.PreCompile\03.Struct</Filter>
    </ClInclude>
    <ClInclude Include="Enum.h">
      <Filter>98.PreCompile\01.Enum</Filter>
    </ClInclude>
    <ClInclude Include="Define.h">
      <Filter>98.PreCompile\00.Define</Filter>
    </ClInclude>
    <ClInclude Include="TitleScene.h">
      <Filter>01.Scene</Filter>
    </ClInclude>
    <ClInclude Include="homework_enemy.h">
      <Filter>97.HomeWork</Filter>
    </ClInclude>
    <ClInclude Include="Homework_Player.h">
      <Filter>97.HomeWork</Filter>
    </ClInclude>
    <ClInclude Include="homeworkScene.h">
      <Filter>97.HomeWork</Filter>
    </ClInclude>
    <ClInclude Include="PublicData.h">
      <Filter>98.PreCompile</Filter>
    </ClInclude>
    <ClInclude Include="LynInfo.h">
      <Filter>04.Lyn</Filter>
    </ClInclude>
    <ClInclude Include="LynState.h">
      <Filter>04.Lyn</Filter>
    </ClInclude>
    <ClInclude Include="LynStateControl.h">
      <Filter>04.Lyn</Filter>
    </ClInclude>
    <ClInclude Include="BnS_MainCamera.h">
      <Filter>02.Component\Camera</Filter>
    </ClInclude>
    <ClInclude Include="LynVerticalCut_L0.h">
      <Filter>04.Lyn\VerticalCut</Filter>
    </ClInclude>
    <ClInclude Include="LynVerticalCut_L1.h">
      <Filter>04.Lyn\VerticalCut</Filter>
    </ClInclude>
    <ClInclude Include="LynVerticalCut_L2.h">
      <Filter>04.Lyn\VerticalCut</Filter>
    </ClInclude>
    <ClInclude Include="LynVerticalCut_R0.h">
      <Filter>04.Lyn\VerticalCut</Filter>
    </ClInclude>
    <ClInclude Include="LynVerticalCut_R1.h">
      <Filter>04.Lyn\VerticalCut</Filter>
    </ClInclude>
    <ClInclude Include="LynVerticalCut_R2.h">
      <Filter>04.Lyn\VerticalCut</Filter>
    </ClInclude>
    <ClInclude Include="LynSpinSlash_End.h">
      <Filter>04.Lyn\SpinSlash</Filter>
    </ClInclude>
    <ClInclude Include="LynSpinSlash_Start.h">
      <Filter>04.Lyn\SpinSlash</Filter>
    </ClInclude>
    <ClInclude Include="LynBackStep.h">
      <Filter>04.Lyn\BackStep</Filter>
    </ClInclude>
    <ClInclude Include="StageScene.h">
      <Filter>01.Scene</Filter>
    </ClInclude>
    <ClInclude Include="BnS_Enemy.h">
      <Filter>02.Component\Enemy</Filter>
    </ClInclude>
    <ClInclude Include="AttackInfo.h">
      <Filter>02.Component\Battle</Filter>
    </ClInclude>
    <ClInclude Include="BnS_DamageFont.h">
      <Filter>02.Component\Battle</Filter>
    </ClInclude>
    <ClInclude Include="LynBattleToPeace.h">
      <Filter>04.Lyn</Filter>
    </ClInclude>
    <ClInclude Include="CameraShake.h" />
    <ClInclude Include="BnS_Skill.h">
      <Filter>05.Skill</Filter>
    </ClInclude>
    <ClInclude Include="BnS_SkillSlot.h">
      <Filter>05.Skill</Filter>
    </ClInclude>
    <ClInclude Include="LynSkillController.h">
      <Filter>05.Skill</Filter>
    </ClInclude>
    <ClInclude Include="UIManager.h">
      <Filter>06.UI</Filter>
    </ClInclude>
    <ClInclude Include="TitleToStage.h">
      <Filter>02.Component</Filter>
    </ClInclude>
    <ClInclude Include="LynSlash1.h">
      <Filter>04.Lyn\Slash</Filter>
    </ClInclude>
    <ClInclude Include="LynSlash2.h">
      <Filter>04.Lyn\Slash</Filter>
    </ClInclude>
    <ClInclude Include="LynSlash3.h">
      <Filter>04.Lyn\Slash</Filter>
    </ClInclude>
    <ClInclude Include="LynSideDashE.h">
      <Filter>04.Lyn\SideDash</Filter>
    </ClInclude>
    <ClInclude Include="LynSideDashQ.h">
      <Filter>04.Lyn\SideDash</Filter>
    </ClInclude>
    <ClInclude Include="LynFrontDash.h">
      <Filter>04.Lyn\FrontDash</Filter>
    </ClInclude>
    <ClInclude Include="LynFrontKick.h">
      <Filter>04.Lyn\FrontKick</Filter>
    </ClInclude>
    <ClInclude Include="LynLowerSlash.h">
      <Filter>04.Lyn\LowerSlash</Filter>
    </ClInclude>
    <ClInclude Include="LynLowerSlash2.h">
      <Filter>04.Lyn\LowerSlash</Filter>
    </ClInclude>
    <ClInclude Include="LynLightningSlash.h">
      <Filter>04.Lyn\LightningSlash</Filter>
    </ClInclude>
    <ClInclude Include="LynThunderSlash.h">
      <Filter>04.Lyn\ThunderSlash</Filter>
    </ClInclude>
    <ClInclude Include="LynJump.h">
      <Filter>04.Lyn\Jump</Filter>
    </ClInclude>
    <ClInclude Include="LynLand.h">
      <Filter>04.Lyn\Jump</Filter>
    </ClInclude>
    <ClInclude Include="LynFall.h">
      <Filter>04.Lyn\Jump</Filter>
    </ClInclude>
    <ClInclude Include="LynMove.h">
      <Filter>04.Lyn\Move</Filter>
    </ClInclude>
    <ClInclude Include="LynIdle.h">
      <Filter>04.Lyn\Move</Filter>
    </ClInclude>
    <ClInclude Include="EnemyState.h">
      <Filter>07.Enemy</Filter>
    </ClInclude>
    <ClInclude Include="EnemyStateControl.h">
      <Filter>07.Enemy</Filter>
    </ClInclude>
    <ClInclude Include="LynBaldo.h">
      <Filter>04.Lyn\Baldo</Filter>
    </ClInclude>
    <ClInclude Include="ZakanDamageShield.h">
      <Filter>07.Enemy</Filter>
    </ClInclude>
    <ClInclude Include="ZakanFireSpellWave.h">
      <Filter>07.Enemy</Filter>
    </ClInclude>
    <ClInclude Include="ZakanFlyTakeDown.h">
      <Filter>07.Enemy</Filter>
    </ClInclude>
    <ClInclude Include="ZakanGrab.h">
      <Filter>07.Enemy</Filter>
    </ClInclude>
    <ClInclude Include="ZakanHolded.h">
      <Filter>07.Enemy</Filter>
    </ClInclude>
    <ClInclude Include="ZakanNATK1.h">
      <Filter>07.Enemy</Filter>
    </ClInclude>
    <ClInclude Include="ZakanNATK2.h">
      <Filter>07.Enemy</Filter>
    </ClInclude>
    <ClInclude Include="ZakanPeaceIdle.h">
      <Filter>07.Enemy</Filter>
    </ClInclude>
    <ClInclude Include="ZakanSpawn.h">
      <Filter>07.Enemy</Filter>
    </ClInclude>
    <ClInclude Include="ZakanSpellExplosion.h">
      <Filter>07.Enemy</Filter>
    </ClInclude>
    <ClInclude Include="ZakanSpellStance.h">
      <Filter>07.Enemy</Filter>
    </ClInclude>
    <ClInclude Include="ZakanSpellSuction.h">
      <Filter>07.Enemy</Filter>
    </ClInclude>
    <ClInclude Include="LynBackRoll.h">
      <Filter>04.Lyn\BackRoll</Filter>
    </ClInclude>
    <ClInclude Include="LynChamWall.h">
      <Filter>04.Lyn\ChamWall</Filter>
    </ClInclude>
    <ClInclude Include="LynDead.h">
      <Filter>04.Lyn\Dead</Filter>
    </ClInclude>
    <ClInclude Include="LynExcape.h">
      <Filter>04.Lyn\Excape</Filter>
    </ClInclude>
    <ClInclude Include="LynGrogy.h">
      <Filter>04.Lyn\Grogy</Filter>
    </ClInclude>
    <ClInclude Include="LynHold.h">
      <Filter>04.Lyn\Hold</Filter>
    </ClInclude>
    <ClInclude Include="LynHolded.h">
      <Filter>04.Lyn\Holded</Filter>
    </ClInclude>
    <ClInclude Include="LynDown.h">
      <Filter>04.Lyn\Down</Filter>
    </ClInclude>
    <ClInclude Include="LynIlSum.h">
      <Filter>04.Lyn\IlSum</Filter>
    </ClInclude>
    <ClInclude Include="LynKnockBackMiddle.h">
      <Filter>04.Lyn\KnockBack</Filter>
    </ClInclude>
    <ClInclude Include="LynKnockBackLong.h">
      <Filter>04.Lyn\KnockBack</Filter>
    </ClInclude>
    <ClInclude Include="LynLayDown.h">
      <Filter>04.Lyn\LayDown</Filter>
    </ClInclude>
    <ClInclude Include="LynLightningCombo.h">
      <Filter>04.Lyn\LightningCombo</Filter>
    </ClInclude>
    <ClInclude Include="LynRebound.h">
      <Filter>04.Lyn\Rebound</Filter>
    </ClInclude>
    <ClInclude Include="LynRotateSoulBlade.h">
      <Filter>04.Lyn\RotateSoulBlade</Filter>
    </ClInclude>
    <ClInclude Include="LynThrowSoulBlade.h">
      <Filter>04.Lyn\ThrowSoulBlade</Filter>
    </ClInclude>
    <ClInclude Include="LynWindyMoonSlash.h">
      <Filter>04.Lyn\WindyMoonSlash</Filter>
    </ClInclude>
    <ClInclude Include="LynUpperSlash.h">
      <Filter>04.Lyn\UpperSlash</Filter>
    </ClInclude>
    <ClInclude Include="ZakanMove.h">
      <Filter>07.Enemy</Filter>
    </ClInclude>
    <ClInclude Include="ZakanPattern.h">
      <Filter>07.Enemy</Filter>
    </ClInclude>
    <ClInclude Include="BnS_InnerForceAnimation.h">
      <Filter>06.UI</Filter>
    </ClInclude>
    <ClInclude Include="BnS_RotateSoulBlade.h">
      <Filter>05.Skill</Filter>
    </ClInclude>
    <ClInclude Include="BnS_Buff.h">
      <Filter>02.Component</Filter>
    </ClInclude>
    <ClInclude Include="BnS_SystemSetting.h">
      <Filter>02.Component</Filter>
    </ClInclude>
    <ClInclude Include="ZakanAir.h">
      <Filter>07.Enemy</Filter>
    </ClInclude>
    <ClInclude Include="ZakanArea360.h">
      <Filter>07.Enemy</Filter>
    </ClInclude>
    <ClInclude Include="ZakanBattleIdle.h">
      <Filter>07.Enemy</Filter>
    </ClInclude>
    <ClInclude Include="ZakanDead.h">
      <Filter>07.Enemy</Filter>
    </ClInclude>
    <ClInclude Include="ZakanDown.h">
      <Filter>07.Enemy</Filter>
    </ClInclude>
    <ClInclude Include="ZakanPowerATK.h">
      <Filter>07.Enemy</Filter>
    </ClInclude>
    <ClInclude Include="ZakanRise.h">
      <Filter>07.Enemy</Filter>
    </ClInclude>
    <ClInclude Include="ZakanSmash.h">
      <Filter>07.Enemy</Filter>
    </ClInclude>
    <ClInclude Include="ZakanSplitBlood.h">
      <Filter>07.Enemy</Filter>
    </ClInclude>
    <ClInclude Include="ZakanTeleport.h">
      <Filter>07.Enemy</Filter>
    </ClInclude>
    <ClInclude Include="ZakanTeleportCenter.h">
      <Filter>07.Enemy</Filter>
    </ClInclude>
    <ClInclude Include="LynEventIdle.h">
      <Filter>04.Lyn</Filter>
    </ClInclude>
    <ClInclude Include="LynWakeUp.h">
      <Filter>04.Lyn</Filter>
    </ClInclude>
    <ClInclude Include="LynWeapon.h">
      <Filter>08.Weapon</Filter>
    </ClInclude>
    <ClInclude Include="LynEffectControl.h" />
    <ClInclude Include="BnS_Fire.h" />
    <ClInclude Include="ZakanEffectControl.h" />
    <ClInclude Include="ZakanChange.h" />
    <ClInclude Include="ZakanBackStep.h" />
    <ClInclude Include="ZakanFloorAttack.h" />
  </ItemGroup>
  <ItemGroup>
    <ClCompile Include="stdafx.cpp">
      <Filter>98.PreCompile</Filter>
    </ClCompile>
    <ClCompile Include="Nalmak_PersonalProject.cpp">
      <Filter>99.Default</Filter>
    </ClCompile>
    <ClCompile Include="MainGame.cpp">
      <Filter>00.Main</Filter>
    </ClCompile>
    <ClCompile Include="TitleScene.cpp">
      <Filter>01.Scene</Filter>
    </ClCompile>
    <ClCompile Include="homework_enemy.cpp">
      <Filter>97.HomeWork</Filter>
    </ClCompile>
    <ClCompile Include="Homework_Player.cpp">
      <Filter>97.HomeWork</Filter>
    </ClCompile>
    <ClCompile Include="homeworkScene.cpp">
      <Filter>97.HomeWork</Filter>
    </ClCompile>
    <ClCompile Include="LynInfo.cpp">
      <Filter>04.Lyn</Filter>
    </ClCompile>
    <ClCompile Include="LynState.cpp">
      <Filter>04.Lyn</Filter>
    </ClCompile>
    <ClCompile Include="LynStateControl.cpp">
      <Filter>04.Lyn</Filter>
    </ClCompile>
    <ClCompile Include="BnS_MainCamera.cpp">
      <Filter>02.Component\Camera</Filter>
    </ClCompile>
    <ClCompile Include="LynVerticalCut_L0.cpp">
      <Filter>04.Lyn\VerticalCut</Filter>
    </ClCompile>
    <ClCompile Include="LynVerticalCut_L1.cpp">
      <Filter>04.Lyn\VerticalCut</Filter>
    </ClCompile>
    <ClCompile Include="LynVerticalCut_L2.cpp">
      <Filter>04.Lyn\VerticalCut</Filter>
    </ClCompile>
    <ClCompile Include="LynVerticalCut_R0.cpp">
      <Filter>04.Lyn\VerticalCut</Filter>
    </ClCompile>
    <ClCompile Include="LynVerticalCut_R1.cpp">
      <Filter>04.Lyn\VerticalCut</Filter>
    </ClCompile>
    <ClCompile Include="LynVerticalCut_R2.cpp">
      <Filter>04.Lyn\VerticalCut</Filter>
    </ClCompile>
    <ClCompile Include="LynSpinSlash_End.cpp">
      <Filter>04.Lyn\SpinSlash</Filter>
    </ClCompile>
    <ClCompile Include="LynSpinSlash_Start.cpp">
      <Filter>04.Lyn\SpinSlash</Filter>
    </ClCompile>
    <ClCompile Include="LynBackStep.cpp">
      <Filter>04.Lyn\BackStep</Filter>
    </ClCompile>
    <ClCompile Include="StageScene.cpp">
      <Filter>01.Scene</Filter>
    </ClCompile>
    <ClCompile Include="BnS_Enemy.cpp">
      <Filter>02.Component\Enemy</Filter>
    </ClCompile>
    <ClCompile Include="AttackInfo.cpp">
      <Filter>02.Component\Battle</Filter>
    </ClCompile>
    <ClCompile Include="BnS_DamageFont.cpp">
      <Filter>02.Component\Battle</Filter>
    </ClCompile>
    <ClCompile Include="LynBattleToPeace.cpp">
      <Filter>04.Lyn</Filter>
    </ClCompile>
    <ClCompile Include="CameraShake.cpp" />
    <ClCompile Include="BnS_Skill.cpp">
      <Filter>05.Skill</Filter>
    </ClCompile>
    <ClCompile Include="BnS_SkillSlot.cpp">
      <Filter>05.Skill</Filter>
    </ClCompile>
    <ClCompile Include="LynSkillController.cpp">
      <Filter>05.Skill</Filter>
    </ClCompile>
    <ClCompile Include="UIManager.cpp">
      <Filter>06.UI</Filter>
    </ClCompile>
    <ClCompile Include="TitleToStage.cpp">
      <Filter>02.Component</Filter>
    </ClCompile>
    <ClCompile Include="LynSlash1.cpp">
      <Filter>04.Lyn\Slash</Filter>
    </ClCompile>
    <ClCompile Include="LynSlash2.cpp">
      <Filter>04.Lyn\Slash</Filter>
    </ClCompile>
    <ClCompile Include="LynSlash3.cpp">
      <Filter>04.Lyn\Slash</Filter>
    </ClCompile>
    <ClCompile Include="LynSideDashE.cpp">
      <Filter>04.Lyn\SideDash</Filter>
    </ClCompile>
    <ClCompile Include="LynSideDashQ.cpp">
      <Filter>04.Lyn\SideDash</Filter>
    </ClCompile>
    <ClCompile Include="LynFrontDash.cpp">
      <Filter>04.Lyn\FrontDash</Filter>
    </ClCompile>
    <ClCompile Include="LynFrontKick.cpp">
      <Filter>04.Lyn\FrontKick</Filter>
    </ClCompile>
    <ClCompile Include="LynLowerSlash.cpp">
      <Filter>04.Lyn\LowerSlash</Filter>
    </ClCompile>
    <ClCompile Include="LynLowerSlash2.cpp">
      <Filter>04.Lyn\LowerSlash</Filter>
    </ClCompile>
    <ClCompile Include="LynLightningSlash.cpp">
      <Filter>04.Lyn\LightningSlash</Filter>
    </ClCompile>
    <ClCompile Include="LynThunderSlash.cpp">
      <Filter>04.Lyn\ThunderSlash</Filter>
    </ClCompile>
    <ClCompile Include="LynJump.cpp">
      <Filter>04.Lyn\Jump</Filter>
    </ClCompile>
    <ClCompile Include="LynLand.cpp">
      <Filter>04.Lyn\Jump</Filter>
    </ClCompile>
    <ClCompile Include="LynFall.cpp">
      <Filter>04.Lyn\Jump</Filter>
    </ClCompile>
    <ClCompile Include="LynMove.cpp">
      <Filter>04.Lyn\Move</Filter>
    </ClCompile>
    <ClCompile Include="LynIdle.cpp">
      <Filter>04.Lyn\Move</Filter>
    </ClCompile>
    <ClCompile Include="EnemyState.cpp">
      <Filter>07.Enemy</Filter>
    </ClCompile>
    <ClCompile Include="EnemyStateControl.cpp">
      <Filter>07.Enemy</Filter>
    </ClCompile>
    <ClCompile Include="LynBaldo.cpp">
      <Filter>04.Lyn\Baldo</Filter>
    </ClCompile>
    <ClCompile Include="ZakanDamageShield.cpp">
      <Filter>07.Enemy</Filter>
    </ClCompile>
    <ClCompile Include="ZakanFireSpellWave.cpp">
      <Filter>07.Enemy</Filter>
    </ClCompile>
    <ClCompile Include="ZakanFlyTakeDown.cpp">
      <Filter>07.Enemy</Filter>
    </ClCompile>
    <ClCompile Include="ZakanGrab.cpp">
      <Filter>07.Enemy</Filter>
    </ClCompile>
    <ClCompile Include="ZakanHolded.cpp">
      <Filter>07.Enemy</Filter>
    </ClCompile>
    <ClCompile Include="ZakanNATK1.cpp">
      <Filter>07.Enemy</Filter>
    </ClCompile>
    <ClCompile Include="ZakanNATK2.cpp">
      <Filter>07.Enemy</Filter>
    </ClCompile>
    <ClCompile Include="ZakanPeaceIdle.cpp">
      <Filter>07.Enemy</Filter>
    </ClCompile>
    <ClCompile Include="ZakanSpawn.cpp">
      <Filter>07.Enemy</Filter>
    </ClCompile>
    <ClCompile Include="ZakanSpellExplosion.cpp">
      <Filter>07.Enemy</Filter>
    </ClCompile>
    <ClCompile Include="ZakanSpellStance.cpp">
      <Filter>07.Enemy</Filter>
    </ClCompile>
    <ClCompile Include="ZakanSpellSuction.cpp">
      <Filter>07.Enemy</Filter>
    </ClCompile>
    <ClCompile Include="LynBackRoll.cpp">
      <Filter>04.Lyn\BackRoll</Filter>
    </ClCompile>
    <ClCompile Include="LynChamWall.cpp">
      <Filter>04.Lyn\ChamWall</Filter>
    </ClCompile>
    <ClCompile Include="LynDead.cpp">
      <Filter>04.Lyn\Dead</Filter>
    </ClCompile>
    <ClCompile Include="LynExcape.cpp">
      <Filter>04.Lyn\Excape</Filter>
    </ClCompile>
    <ClCompile Include="LynGrogy.cpp">
      <Filter>04.Lyn\Grogy</Filter>
    </ClCompile>
    <ClCompile Include="LynHold.cpp">
      <Filter>04.Lyn\Hold</Filter>
    </ClCompile>
    <ClCompile Include="LynHolded.cpp">
      <Filter>04.Lyn\Holded</Filter>
    </ClCompile>
    <ClCompile Include="LynDown.cpp">
      <Filter>04.Lyn\Down</Filter>
    </ClCompile>
    <ClCompile Include="LynIlSum.cpp">
      <Filter>04.Lyn\IlSum</Filter>
    </ClCompile>
    <ClCompile Include="LynKnockBackMiddle.cpp">
      <Filter>04.Lyn\KnockBack</Filter>
    </ClCompile>
    <ClCompile Include="LynKnockBackLong.cpp">
      <Filter>04.Lyn\KnockBack</Filter>
    </ClCompile>
    <ClCompile Include="LynLayDown.cpp">
      <Filter>04.Lyn\LayDown</Filter>
    </ClCompile>
    <ClCompile Include="LynLightningCombo.cpp">
      <Filter>04.Lyn\LightningCombo</Filter>
    </ClCompile>
    <ClCompile Include="LynRebound.cpp">
      <Filter>04.Lyn\Rebound</Filter>
    </ClCompile>
    <ClCompile Include="LynRotateSoulBlade.cpp">
      <Filter>04.Lyn\RotateSoulBlade</Filter>
    </ClCompile>
    <ClCompile Include="LynThrowSoulBlade.cpp">
      <Filter>04.Lyn\ThrowSoulBlade</Filter>
    </ClCompile>
    <ClCompile Include="LynWindyMoonSlash.cpp">
      <Filter>04.Lyn\WindyMoonSlash</Filter>
    </ClCompile>
    <ClCompile Include="LynUpperSlash.cpp">
      <Filter>04.Lyn\UpperSlash</Filter>
    </ClCompile>
    <ClCompile Include="ZakanMove.cpp">
      <Filter>07.Enemy</Filter>
    </ClCompile>
    <ClCompile Include="ZakanPattern.cpp">
      <Filter>07.Enemy</Filter>
    </ClCompile>
    <ClCompile Include="BnS_InnerForceAnimation.cpp">
      <Filter>06.UI</Filter>
    </ClCompile>
    <ClCompile Include="BnS_RotateSoulBlade.cpp">
      <Filter>05.Skill</Filter>
    </ClCompile>
    <ClCompile Include="BnS_Buff.cpp">
      <Filter>02.Component</Filter>
    </ClCompile>
    <ClCompile Include="BnS_SystemSetting.cpp">
      <Filter>02.Component</Filter>
    </ClCompile>
    <ClCompile Include="ZakanAir.cpp">
      <Filter>07.Enemy</Filter>
    </ClCompile>
    <ClCompile Include="ZakanArea360.cpp">
      <Filter>07.Enemy</Filter>
    </ClCompile>
    <ClCompile Include="ZakanBattleIdle.cpp">
      <Filter>07.Enemy</Filter>
    </ClCompile>
    <ClCompile Include="ZakanDead.cpp">
      <Filter>07.Enemy</Filter>
    </ClCompile>
    <ClCompile Include="ZakanDown.cpp">
      <Filter>07.Enemy</Filter>
    </ClCompile>
    <ClCompile Include="ZakanPowerATK.cpp">
      <Filter>07.Enemy</Filter>
    </ClCompile>
    <ClCompile Include="ZakanRise.cpp">
      <Filter>07.Enemy</Filter>
    </ClCompile>
    <ClCompile Include="ZakanSmash.cpp">
      <Filter>07.Enemy</Filter>
    </ClCompile>
    <ClCompile Include="ZakanSplitBlood.cpp">
      <Filter>07.Enemy</Filter>
    </ClCompile>
    <ClCompile Include="ZakanTeleport.cpp">
      <Filter>07.Enemy</Filter>
    </ClCompile>
    <ClCompile Include="ZakanTeleportCenter.cpp">
      <Filter>07.Enemy</Filter>
    </ClCompile>
    <ClCompile Include="LynEventIdle.cpp">
      <Filter>04.Lyn</Filter>
    </ClCompile>
    <ClCompile Include="LynWakeUp.cpp">
      <Filter>04.Lyn</Filter>
    </ClCompile>
    <ClCompile Include="LynWeapon.cpp">
      <Filter>08.Weapon</Filter>
    </ClCompile>
    <ClCompile Include="LynEffectControl.cpp" />
    <ClCompile Include="BnS_Fire.cpp" />
    <ClCompile Include="ZakanEffectControl.cpp" />
    <ClCompile Include="ZakanChange.cpp" />
    <ClCompile Include="ZakanBackStep.cpp" />
    <ClCompile Include="ZakanFloorAttack.cpp" />
  </ItemGroup>
  <ItemGroup>
    <Image Include="Nalmak_PersonalProject.ico">
      <Filter>99.Default</Filter>
    </Image>
    <Image Include="small.ico">
      <Filter>99.Default</Filter>
    </Image>
  </ItemGroup>
  <ItemGroup>
    <Text Include="ReadMe.txt">
      <Filter>99.Default</Filter>
    </Text>
  </ItemGroup>
  <ItemGroup>
    <ResourceCompile Include="Nalmak_PersonalProject.rc">
      <Filter>99.Default</Filter>
    </ResourceCompile>
  </ItemGroup>
  <ItemGroup>
    <FxCompile Include="..\Resource\stage\Shader\BnS_Block_DN.fx">
      <Filter>03.Shader</Filter>
    </FxCompile>
    <FxCompile Include="..\Resource\stage\Shader\BnS_Character_HWSkinning.fx">
      <Filter>03.Shader</Filter>
    </FxCompile>
    <FxCompile Include="..\Resource\stage\Shader\BnS_Hair_HWSkinning.fx">
      <Filter>03.Shader</Filter>
    </FxCompile>
    <FxCompile Include="..\Resource\stage\Shader\BnS_Head_HWSkinning.fx">
      <Filter>03.Shader</Filter>
    </FxCompile>
    <FxCompile Include="..\Resource\stage\Shader\BnS_HpUI.fx">
      <Filter>03.Shader</Filter>
    </FxCompile>
    <FxCompile Include="..\Resource\stage\Shader\BnS_InnerForce.fx">
      <Filter>03.Shader</Filter>
    </FxCompile>
    <FxCompile Include="..\Resource\stage\Shader\BnS_SkillI_UI.fx">
      <Filter>03.Shader</Filter>
    </FxCompile>
    <FxCompile Include="..\Resource\stage\Shader\BnS_StaticObject_DN.fx">
      <Filter>03.Shader</Filter>
    </FxCompile>
    <FxCompile Include="..\Resource\stage\Shader\BnS_StaticObject_DNE.fx">
      <Filter>03.Shader</Filter>
    </FxCompile>
    <FxCompile Include="..\Resource\stage\Shader\BnS_StaticObject_DNS.fx">
      <Filter>03.Shader</Filter>
    </FxCompile>
    <FxCompile Include="..\Resource\stage\Shader\BnS_StaticObject_DNS_rev.fx">
      <Filter>03.Shader</Filter>
    </FxCompile>
    <FxCompile Include="..\Resource\stage\Shader\BnS_StaticObject_DNSM.fx">
      <Filter>03.Shader</Filter>
    </FxCompile>
    <FxCompile Include="..\Resource\stage\Shader\BnS_SwordTrail.fx">
      <Filter>03.Shader</Filter>
    </FxCompile>
    <FxCompile Include="..\Resource\stage\Shader\BnS_Zakan_HWSkinning.fx">
      <Filter>03.Shader</Filter>
    </FxCompile>
    <FxCompile Include="..\Resource\stage\Shader\BnS_Zakan_HWSkinningMask.fx">
      <Filter>03.Shader</Filter>
    </FxCompile>
  </ItemGroup>
  <ItemGroup>
    <None Include="..\Resource\stage\Shader\BnS_Block_DN.sd">
      <Filter>03.Shader</Filter>
    </None>
    <None Include="..\Resource\stage\Shader\BnS_Character_HWSkinning.sd">
      <Filter>03.Shader</Filter>
    </None>
    <None Include="..\Resource\stage\Shader\BnS_Hair_HWSkinning.sd">
      <Filter>03.Shader</Filter>
    </None>
    <None Include="..\Resource\stage\Shader\BnS_Head_HWSkinning.sd">
      <Filter>03.Shader</Filter>
    </None>
    <None Include="..\Resource\stage\Shader\BnS_HpUI.sd">
      <Filter>03.Shader</Filter>
    </None>
    <None Include="..\Resource\stage\Shader\BnS_InnerForce.sd">
      <Filter>03.Shader</Filter>
    </None>
    <None Include="..\Resource\stage\Shader\BnS_SkillI_UI.sd">
      <Filter>03.Shader</Filter>
    </None>
    <None Include="..\Resource\stage\Shader\BnS_StaticObject_DN.sd">
      <Filter>03.Shader</Filter>
    </None>
    <None Include="..\Resource\stage\Shader\BnS_StaticObject_DNE.sd">
      <Filter>03.Shader</Filter>
    </None>
    <None Include="..\Resource\stage\Shader\BnS_StaticObject_DNS.sd">
      <Filter>03.Shader</Filter>
    </None>
    <None Include="..\Resource\stage\Shader\BnS_StaticObject_DNS_rev.sd">
      <Filter>03.Shader</Filter>
    </None>
    <None Include="..\Resource\stage\Shader\BnS_StaticObject_DNSM.sd">
      <Filter>03.Shader</Filter>
    </None>
    <None Include="..\Resource\stage\Shader\BnS_SwordTrail.sd">
      <Filter>03.Shader</Filter>
    </None>
    <None Include="..\Resource\stage\Shader\BnS_Zakan_HWSkinning.sd">
      <Filter>03.Shader</Filter>
    </None>
    <None Include="..\Resource\stage\Shader\BnS_Zakan_HWSkinningMask.sd">
      <Filter>03.Shader</Filter>
    </None>
  </ItemGroup>
</Project>